// !$*UTF8*$!
{
	archiveVersion = 1;
	classes = {
	};
	objectVersion = 50;
	objects = {

/* Begin PBXBuildFile section */
		841CF1BB252B359E0036E172 /* AppDelegate.swift in Sources */ = {isa = PBXBuildFile; fileRef = 841CF1BA252B359E0036E172 /* AppDelegate.swift */; };
		841CF1BD252B359E0036E172 /* SceneDelegate.swift in Sources */ = {isa = PBXBuildFile; fileRef = 841CF1BC252B359E0036E172 /* SceneDelegate.swift */; };
		841CF1BF252B359E0036E172 /* ViewController.swift in Sources */ = {isa = PBXBuildFile; fileRef = 841CF1BE252B359E0036E172 /* ViewController.swift */; };
		841CF1C2252B359E0036E172 /* Main.storyboard in Resources */ = {isa = PBXBuildFile; fileRef = 841CF1C0252B359E0036E172 /* Main.storyboard */; };
		841CF1C4252B35A20036E172 /* Assets.xcassets in Resources */ = {isa = PBXBuildFile; fileRef = 841CF1C3252B35A20036E172 /* Assets.xcassets */; };
		841CF1C7252B35A20036E172 /* LaunchScreen.storyboard in Resources */ = {isa = PBXBuildFile; fileRef = 841CF1C5252B35A20036E172 /* LaunchScreen.storyboard */; };
		841CF1D2252B35A30036E172 /* SmackTests.swift in Sources */ = {isa = PBXBuildFile; fileRef = 841CF1D1252B35A30036E172 /* SmackTests.swift */; };
		841CF1DD252B35A30036E172 /* SmackUITests.swift in Sources */ = {isa = PBXBuildFile; fileRef = 841CF1DC252B35A30036E172 /* SmackUITests.swift */; };
/* End PBXBuildFile section */

/* Begin PBXContainerItemProxy section */
		841CF1CE252B35A30036E172 /* PBXContainerItemProxy */ = {
			isa = PBXContainerItemProxy;
			containerPortal = 841CF1AF252B359D0036E172 /* Project object */;
			proxyType = 1;
			remoteGlobalIDString = 841CF1B6252B359E0036E172;
			remoteInfo = Smack;
		};
		841CF1D9252B35A30036E172 /* PBXContainerItemProxy */ = {
			isa = PBXContainerItemProxy;
			containerPortal = 841CF1AF252B359D0036E172 /* Project object */;
			proxyType = 1;
			remoteGlobalIDString = 841CF1B6252B359E0036E172;
			remoteInfo = Smack;
		};
/* End PBXContainerItemProxy section */

/* Begin PBXFileReference section */
		841CF1B7252B359E0036E172 /* Smack.app */ = {isa = PBXFileReference; explicitFileType = wrapper.application; includeInIndex = 0; path = Smack.app; sourceTree = BUILT_PRODUCTS_DIR; };
		841CF1BA252B359E0036E172 /* AppDelegate.swift */ = {isa = PBXFileReference; lastKnownFileType = sourcecode.swift; path = AppDelegate.swift; sourceTree = "<group>"; };
		841CF1BC252B359E0036E172 /* SceneDelegate.swift */ = {isa = PBXFileReference; lastKnownFileType = sourcecode.swift; path = SceneDelegate.swift; sourceTree = "<group>"; };
		841CF1BE252B359E0036E172 /* ViewController.swift */ = {isa = PBXFileReference; lastKnownFileType = sourcecode.swift; path = ViewController.swift; sourceTree = "<group>"; };
		841CF1C1252B359E0036E172 /* Base */ = {isa = PBXFileReference; lastKnownFileType = file.storyboard; name = Base; path = Base.lproj/Main.storyboard; sourceTree = "<group>"; };
		841CF1C3252B35A20036E172 /* Assets.xcassets */ = {isa = PBXFileReference; lastKnownFileType = folder.assetcatalog; path = Assets.xcassets; sourceTree = "<group>"; };
		841CF1C6252B35A20036E172 /* Base */ = {isa = PBXFileReference; lastKnownFileType = file.storyboard; name = Base; path = Base.lproj/LaunchScreen.storyboard; sourceTree = "<group>"; };
		841CF1C8252B35A20036E172 /* Info.plist */ = {isa = PBXFileReference; lastKnownFileType = text.plist.xml; path = Info.plist; sourceTree = "<group>"; };
		841CF1CD252B35A30036E172 /* SmackTests.xctest */ = {isa = PBXFileReference; explicitFileType = wrapper.cfbundle; includeInIndex = 0; path = SmackTests.xctest; sourceTree = BUILT_PRODUCTS_DIR; };
		841CF1D1252B35A30036E172 /* SmackTests.swift */ = {isa = PBXFileReference; lastKnownFileType = sourcecode.swift; path = SmackTests.swift; sourceTree = "<group>"; };
		841CF1D3252B35A30036E172 /* Info.plist */ = {isa = PBXFileReference; lastKnownFileType = text.plist.xml; path = Info.plist; sourceTree = "<group>"; };
		841CF1D8252B35A30036E172 /* SmackUITests.xctest */ = {isa = PBXFileReference; explicitFileType = wrapper.cfbundle; includeInIndex = 0; path = SmackUITests.xctest; sourceTree = BUILT_PRODUCTS_DIR; };
		841CF1DC252B35A30036E172 /* SmackUITests.swift */ = {isa = PBXFileReference; lastKnownFileType = sourcecode.swift; path = SmackUITests.swift; sourceTree = "<group>"; };
		841CF1DE252B35A30036E172 /* Info.plist */ = {isa = PBXFileReference; lastKnownFileType = text.plist.xml; path = Info.plist; sourceTree = "<group>"; };
/* End PBXFileReference section */

/* Begin PBXFrameworksBuildPhase section */
		841CF1B4252B359E0036E172 /* Frameworks */ = {
			isa = PBXFrameworksBuildPhase;
			buildActionMask = 2147483647;
			files = (
			);
			runOnlyForDeploymentPostprocessing = 0;
		};
		841CF1CA252B35A30036E172 /* Frameworks */ = {
			isa = PBXFrameworksBuildPhase;
			buildActionMask = 2147483647;
			files = (
			);
			runOnlyForDeploymentPostprocessing = 0;
		};
		841CF1D5252B35A30036E172 /* Frameworks */ = {
			isa = PBXFrameworksBuildPhase;
			buildActionMask = 2147483647;
			files = (
			);
			runOnlyForDeploymentPostprocessing = 0;
		};
/* End PBXFrameworksBuildPhase section */

/* Begin PBXGroup section */
		841CF1AE252B359D0036E172 = {
			isa = PBXGroup;
			children = (
				841CF1B9252B359E0036E172 /* Smack */,
				841CF1D0252B35A30036E172 /* SmackTests */,
				841CF1DB252B35A30036E172 /* SmackUITests */,
				841CF1B8252B359E0036E172 /* Products */,
			);
			sourceTree = "<group>";
		};
		841CF1B8252B359E0036E172 /* Products */ = {
			isa = PBXGroup;
			children = (
				841CF1B7252B359E0036E172 /* Smack.app */,
				841CF1CD252B35A30036E172 /* SmackTests.xctest */,
				841CF1D8252B35A30036E172 /* SmackUITests.xctest */,
			);
			name = Products;
			sourceTree = "<group>";
		};
		841CF1B9252B359E0036E172 /* Smack */ = {
			isa = PBXGroup;
			children = (
				841CF1BA252B359E0036E172 /* AppDelegate.swift */,
				841CF1BC252B359E0036E172 /* SceneDelegate.swift */,
				841CF1BE252B359E0036E172 /* ViewController.swift */,
				841CF1C0252B359E0036E172 /* Main.storyboard */,
				841CF1C3252B35A20036E172 /* Assets.xcassets */,
				841CF1C5252B35A20036E172 /* LaunchScreen.storyboard */,
				841CF1C8252B35A20036E172 /* Info.plist */,
			);
			path = Smack;
			sourceTree = "<group>";
		};
		841CF1D0252B35A30036E172 /* SmackTests */ = {
			isa = PBXGroup;
			children = (
				841CF1D1252B35A30036E172 /* SmackTests.swift */,
				841CF1D3252B35A30036E172 /* Info.plist */,
			);
			path = SmackTests;
			sourceTree = "<group>";
		};
		841CF1DB252B35A30036E172 /* SmackUITests */ = {
			isa = PBXGroup;
			children = (
				841CF1DC252B35A30036E172 /* SmackUITests.swift */,
				841CF1DE252B35A30036E172 /* Info.plist */,
			);
			path = SmackUITests;
			sourceTree = "<group>";
		};
/* End PBXGroup section */

/* Begin PBXNativeTarget section */
		841CF1B6252B359E0036E172 /* Smack */ = {
			isa = PBXNativeTarget;
			buildConfigurationList = 841CF1E1252B35A30036E172 /* Build configuration list for PBXNativeTarget "Smack" */;
			buildPhases = (
				841CF1B3252B359E0036E172 /* Sources */,
				841CF1B4252B359E0036E172 /* Frameworks */,
				841CF1B5252B359E0036E172 /* Resources */,
			);
			buildRules = (
			);
			dependencies = (
			);
			name = Smack;
			productName = Smack;
			productReference = 841CF1B7252B359E0036E172 /* Smack.app */;
			productType = "com.apple.product-type.application";
		};
		841CF1CC252B35A30036E172 /* SmackTests */ = {
			isa = PBXNativeTarget;
			buildConfigurationList = 841CF1E4252B35A30036E172 /* Build configuration list for PBXNativeTarget "SmackTests" */;
			buildPhases = (
				841CF1C9252B35A30036E172 /* Sources */,
				841CF1CA252B35A30036E172 /* Frameworks */,
				841CF1CB252B35A30036E172 /* Resources */,
			);
			buildRules = (
			);
			dependencies = (
				841CF1CF252B35A30036E172 /* PBXTargetDependency */,
			);
			name = SmackTests;
			productName = SmackTests;
			productReference = 841CF1CD252B35A30036E172 /* SmackTests.xctest */;
			productType = "com.apple.product-type.bundle.unit-test";
		};
		841CF1D7252B35A30036E172 /* SmackUITests */ = {
			isa = PBXNativeTarget;
			buildConfigurationList = 841CF1E7252B35A30036E172 /* Build configuration list for PBXNativeTarget "SmackUITests" */;
			buildPhases = (
				841CF1D4252B35A30036E172 /* Sources */,
				841CF1D5252B35A30036E172 /* Frameworks */,
				841CF1D6252B35A30036E172 /* Resources */,
			);
			buildRules = (
			);
			dependencies = (
				841CF1DA252B35A30036E172 /* PBXTargetDependency */,
			);
			name = SmackUITests;
			productName = SmackUITests;
			productReference = 841CF1D8252B35A30036E172 /* SmackUITests.xctest */;
			productType = "com.apple.product-type.bundle.ui-testing";
		};
/* End PBXNativeTarget section */

/* Begin PBXProject section */
		841CF1AF252B359D0036E172 /* Project object */ = {
			isa = PBXProject;
			attributes = {
				LastSwiftUpdateCheck = 1150;
				LastUpgradeCheck = 1150;
				ORGANIZATIONNAME = admin;
				TargetAttributes = {
					841CF1B6252B359E0036E172 = {
						CreatedOnToolsVersion = 11.5;
					};
					841CF1CC252B35A30036E172 = {
						CreatedOnToolsVersion = 11.5;
						TestTargetID = 841CF1B6252B359E0036E172;
					};
					841CF1D7252B35A30036E172 = {
						CreatedOnToolsVersion = 11.5;
						TestTargetID = 841CF1B6252B359E0036E172;
					};
				};
			};
			buildConfigurationList = 841CF1B2252B359D0036E172 /* Build configuration list for PBXProject "Smack" */;
			compatibilityVersion = "Xcode 9.3";
			developmentRegion = en;
			hasScannedForEncodings = 0;
			knownRegions = (
				en,
				Base,
			);
			mainGroup = 841CF1AE252B359D0036E172;
			productRefGroup = 841CF1B8252B359E0036E172 /* Products */;
			projectDirPath = "";
			projectRoot = "";
			targets = (
				841CF1B6252B359E0036E172 /* Smack */,
				841CF1CC252B35A30036E172 /* SmackTests */,
				841CF1D7252B35A30036E172 /* SmackUITests */,
			);
		};
/* End PBXProject section */

/* Begin PBXResourcesBuildPhase section */
		841CF1B5252B359E0036E172 /* Resources */ = {
			isa = PBXResourcesBuildPhase;
			buildActionMask = 2147483647;
			files = (
				841CF1C7252B35A20036E172 /* LaunchScreen.storyboard in Resources */,
				841CF1C4252B35A20036E172 /* Assets.xcassets in Resources */,
				841CF1C2252B359E0036E172 /* Main.storyboard in Resources */,
			);
			runOnlyForDeploymentPostprocessing = 0;
		};
		841CF1CB252B35A30036E172 /* Resources */ = {
			isa = PBXResourcesBuildPhase;
			buildActionMask = 2147483647;
			files = (
			);
			runOnlyForDeploymentPostprocessing = 0;
		};
		841CF1D6252B35A30036E172 /* Resources */ = {
			isa = PBXResourcesBuildPhase;
			buildActionMask = 2147483647;
			files = (
			);
			runOnlyForDeploymentPostprocessing = 0;
		};
/* End PBXResourcesBuildPhase section */

/* Begin PBXSourcesBuildPhase section */
		841CF1B3252B359E0036E172 /* Sources */ = {
			isa = PBXSourcesBuildPhase;
			buildActionMask = 2147483647;
			files = (
				841CF1BF252B359E0036E172 /* ViewController.swift in Sources */,
				841CF1BB252B359E0036E172 /* AppDelegate.swift in Sources */,
				841CF1BD252B359E0036E172 /* SceneDelegate.swift in Sources */,
			);
			runOnlyForDeploymentPostprocessing = 0;
		};
		841CF1C9252B35A30036E172 /* Sources */ = {
			isa = PBXSourcesBuildPhase;
			buildActionMask = 2147483647;
			files = (
				841CF1D2252B35A30036E172 /* SmackTests.swift in Sources */,
			);
			runOnlyForDeploymentPostprocessing = 0;
		};
		841CF1D4252B35A30036E172 /* Sources */ = {
			isa = PBXSourcesBuildPhase;
			buildActionMask = 2147483647;
			files = (
				841CF1DD252B35A30036E172 /* SmackUITests.swift in Sources */,
			);
			runOnlyForDeploymentPostprocessing = 0;
		};
/* End PBXSourcesBuildPhase section */

/* Begin PBXTargetDependency section */
		841CF1CF252B35A30036E172 /* PBXTargetDependency */ = {
			isa = PBXTargetDependency;
			target = 841CF1B6252B359E0036E172 /* Smack */;
			targetProxy = 841CF1CE252B35A30036E172 /* PBXContainerItemProxy */;
		};
		841CF1DA252B35A30036E172 /* PBXTargetDependency */ = {
			isa = PBXTargetDependency;
			target = 841CF1B6252B359E0036E172 /* Smack */;
			targetProxy = 841CF1D9252B35A30036E172 /* PBXContainerItemProxy */;
		};
/* End PBXTargetDependency section */

/* Begin PBXVariantGroup section */
		841CF1C0252B359E0036E172 /* Main.storyboard */ = {
			isa = PBXVariantGroup;
			children = (
				841CF1C1252B359E0036E172 /* Base */,
			);
			name = Main.storyboard;
			sourceTree = "<group>";
		};
		841CF1C5252B35A20036E172 /* LaunchScreen.storyboard */ = {
			isa = PBXVariantGroup;
			children = (
				841CF1C6252B35A20036E172 /* Base */,
			);
			name = LaunchScreen.storyboard;
			sourceTree = "<group>";
		};
/* End PBXVariantGroup section */

/* Begin XCBuildConfiguration section */
		841CF1DF252B35A30036E172 /* Debug */ = {
			isa = XCBuildConfiguration;
			buildSettings = {
				ALWAYS_SEARCH_USER_PATHS = NO;
				CLANG_ANALYZER_NONNULL = YES;
				CLANG_ANALYZER_NUMBER_OBJECT_CONVERSION = YES_AGGRESSIVE;
				CLANG_CXX_LANGUAGE_STANDARD = "gnu++14";
				CLANG_CXX_LIBRARY = "libc++";
				CLANG_ENABLE_MODULES = YES;
				CLANG_ENABLE_OBJC_ARC = YES;
				CLANG_ENABLE_OBJC_WEAK = YES;
				CLANG_WARN_BLOCK_CAPTURE_AUTORELEASING = YES;
				CLANG_WARN_BOOL_CONVERSION = YES;
				CLANG_WARN_COMMA = YES;
				CLANG_WARN_CONSTANT_CONVERSION = YES;
				CLANG_WARN_DEPRECATED_OBJC_IMPLEMENTATIONS = YES;
				CLANG_WARN_DIRECT_OBJC_ISA_USAGE = YES_ERROR;
				CLANG_WARN_DOCUMENTATION_COMMENTS = YES;
				CLANG_WARN_EMPTY_BODY = YES;
				CLANG_WARN_ENUM_CONVERSION = YES;
				CLANG_WARN_INFINITE_RECURSION = YES;
				CLANG_WARN_INT_CONVERSION = YES;
				CLANG_WARN_NON_LITERAL_NULL_CONVERSION = YES;
				CLANG_WARN_OBJC_IMPLICIT_RETAIN_SELF = YES;
				CLANG_WARN_OBJC_LITERAL_CONVERSION = YES;
				CLANG_WARN_OBJC_ROOT_CLASS = YES_ERROR;
				CLANG_WARN_RANGE_LOOP_ANALYSIS = YES;
				CLANG_WARN_STRICT_PROTOTYPES = YES;
				CLANG_WARN_SUSPICIOUS_MOVE = YES;
				CLANG_WARN_UNGUARDED_AVAILABILITY = YES_AGGRESSIVE;
				CLANG_WARN_UNREACHABLE_CODE = YES;
				CLANG_WARN__DUPLICATE_METHOD_MATCH = YES;
				COPY_PHASE_STRIP = NO;
				DEBUG_INFORMATION_FORMAT = dwarf;
				ENABLE_STRICT_OBJC_MSGSEND = YES;
				ENABLE_TESTABILITY = YES;
				GCC_C_LANGUAGE_STANDARD = gnu11;
				GCC_DYNAMIC_NO_PIC = NO;
				GCC_NO_COMMON_BLOCKS = YES;
				GCC_OPTIMIZATION_LEVEL = 0;
				GCC_PREPROCESSOR_DEFINITIONS = (
					"DEBUG=1",
					"$(inherited)",
				);
				GCC_WARN_64_TO_32_BIT_CONVERSION = YES;
				GCC_WARN_ABOUT_RETURN_TYPE = YES_ERROR;
				GCC_WARN_UNDECLARED_SELECTOR = YES;
				GCC_WARN_UNINITIALIZED_AUTOS = YES_AGGRESSIVE;
				GCC_WARN_UNUSED_FUNCTION = YES;
				GCC_WARN_UNUSED_VARIABLE = YES;
				IPHONEOS_DEPLOYMENT_TARGET = 13.5;
				MTL_ENABLE_DEBUG_INFO = INCLUDE_SOURCE;
				MTL_FAST_MATH = YES;
				ONLY_ACTIVE_ARCH = YES;
				SDKROOT = iphoneos;
				SWIFT_ACTIVE_COMPILATION_CONDITIONS = DEBUG;
				SWIFT_OPTIMIZATION_LEVEL = "-Onone";
			};
			name = Debug;
		};
		841CF1E0252B35A30036E172 /* Release */ = {
			isa = XCBuildConfiguration;
			buildSettings = {
				ALWAYS_SEARCH_USER_PATHS = NO;
				CLANG_ANALYZER_NONNULL = YES;
				CLANG_ANALYZER_NUMBER_OBJECT_CONVERSION = YES_AGGRESSIVE;
				CLANG_CXX_LANGUAGE_STANDARD = "gnu++14";
				CLANG_CXX_LIBRARY = "libc++";
				CLANG_ENABLE_MODULES = YES;
				CLANG_ENABLE_OBJC_ARC = YES;
				CLANG_ENABLE_OBJC_WEAK = YES;
				CLANG_WARN_BLOCK_CAPTURE_AUTORELEASING = YES;
				CLANG_WARN_BOOL_CONVERSION = YES;
				CLANG_WARN_COMMA = YES;
				CLANG_WARN_CONSTANT_CONVERSION = YES;
				CLANG_WARN_DEPRECATED_OBJC_IMPLEMENTATIONS = YES;
				CLANG_WARN_DIRECT_OBJC_ISA_USAGE = YES_ERROR;
				CLANG_WARN_DOCUMENTATION_COMMENTS = YES;
				CLANG_WARN_EMPTY_BODY = YES;
				CLANG_WARN_ENUM_CONVERSION = YES;
				CLANG_WARN_INFINITE_RECURSION = YES;
				CLANG_WARN_INT_CONVERSION = YES;
				CLANG_WARN_NON_LITERAL_NULL_CONVERSION = YES;
				CLANG_WARN_OBJC_IMPLICIT_RETAIN_SELF = YES;
				CLANG_WARN_OBJC_LITERAL_CONVERSION = YES;
				CLANG_WARN_OBJC_ROOT_CLASS = YES_ERROR;
				CLANG_WARN_RANGE_LOOP_ANALYSIS = YES;
				CLANG_WARN_STRICT_PROTOTYPES = YES;
				CLANG_WARN_SUSPICIOUS_MOVE = YES;
				CLANG_WARN_UNGUARDED_AVAILABILITY = YES_AGGRESSIVE;
				CLANG_WARN_UNREACHABLE_CODE = YES;
				CLANG_WARN__DUPLICATE_METHOD_MATCH = YES;
				COPY_PHASE_STRIP = NO;
				DEBUG_INFORMATION_FORMAT = "dwarf-with-dsym";
				ENABLE_NS_ASSERTIONS = NO;
				ENABLE_STRICT_OBJC_MSGSEND = YES;
				GCC_C_LANGUAGE_STANDARD = gnu11;
				GCC_NO_COMMON_BLOCKS = YES;
				GCC_WARN_64_TO_32_BIT_CONVERSION = YES;
				GCC_WARN_ABOUT_RETURN_TYPE = YES_ERROR;
				GCC_WARN_UNDECLARED_SELECTOR = YES;
				GCC_WARN_UNINITIALIZED_AUTOS = YES_AGGRESSIVE;
				GCC_WARN_UNUSED_FUNCTION = YES;
				GCC_WARN_UNUSED_VARIABLE = YES;
				IPHONEOS_DEPLOYMENT_TARGET = 13.5;
				MTL_ENABLE_DEBUG_INFO = NO;
				MTL_FAST_MATH = YES;
				SDKROOT = iphoneos;
				SWIFT_COMPILATION_MODE = wholemodule;
				SWIFT_OPTIMIZATION_LEVEL = "-O";
				VALIDATE_PRODUCT = YES;
			};
			name = Release;
		};
		841CF1E2252B35A30036E172 /* Debug */ = {
			isa = XCBuildConfiguration;
			buildSettings = {
				ASSETCATALOG_COMPILER_APPICON_NAME = AppIcon;
				CODE_SIGN_STYLE = Automatic;
				INFOPLIST_FILE = Smack/Info.plist;
				LD_RUNPATH_SEARCH_PATHS = (
					"$(inherited)",
					"@executable_path/Frameworks",
				);
				PRODUCT_BUNDLE_IDENTIFIER = com.abdo.abdo.Smack;
				PRODUCT_NAME = "$(TARGET_NAME)";
				SWIFT_VERSION = 5.0;
				TARGETED_DEVICE_FAMILY = "1,2";
			};
			name = Debug;
		};
		841CF1E3252B35A30036E172 /* Release */ = {
			isa = XCBuildConfiguration;
			buildSettings = {
				ASSETCATALOG_COMPILER_APPICON_NAME = AppIcon;
				CODE_SIGN_STYLE = Automatic;
				INFOPLIST_FILE = Smack/Info.plist;
				LD_RUNPATH_SEARCH_PATHS = (
					"$(inherited)",
					"@executable_path/Frameworks",
				);
				PRODUCT_BUNDLE_IDENTIFIER = com.abdo.abdo.Smack;
				PRODUCT_NAME = "$(TARGET_NAME)";
				SWIFT_VERSION = 5.0;
				TARGETED_DEVICE_FAMILY = "1,2";
			};
			name = Release;
		};
		841CF1E5252B35A30036E172 /* Debug */ = {
			isa = XCBuildConfiguration;
			buildSettings = {
				ALWAYS_EMBED_SWIFT_STANDARD_LIBRARIES = YES;
				BUNDLE_LOADER = "$(TEST_HOST)";
				CODE_SIGN_STYLE = Automatic;
				INFOPLIST_FILE = SmackTests/Info.plist;
				IPHONEOS_DEPLOYMENT_TARGET = 13.5;
				LD_RUNPATH_SEARCH_PATHS = (
					"$(inherited)",
					"@executable_path/Frameworks",
					"@loader_path/Frameworks",
				);
				PRODUCT_BUNDLE_IDENTIFIER = com.abdo.abdo.SmackTests;
				PRODUCT_NAME = "$(TARGET_NAME)";
				SWIFT_VERSION = 5.0;
				TARGETED_DEVICE_FAMILY = "1,2";
				TEST_HOST = "$(BUILT_PRODUCTS_DIR)/Smack.app/Smack";
			};
			name = Debug;
		};
		841CF1E6252B35A30036E172 /* Release */ = {
			isa = XCBuildConfiguration;
			buildSettings = {
				ALWAYS_EMBED_SWIFT_STANDARD_LIBRARIES = YES;
				BUNDLE_LOADER = "$(TEST_HOST)";
				CODE_SIGN_STYLE = Automatic;
				INFOPLIST_FILE = SmackTests/Info.plist;
				IPHONEOS_DEPLOYMENT_TARGET = 13.5;
				LD_RUNPATH_SEARCH_PATHS = (
					"$(inherited)",
					"@executable_path/Frameworks",
					"@loader_path/Frameworks",
				);
				PRODUCT_BUNDLE_IDENTIFIER = com.abdo.abdo.SmackTests;
				PRODUCT_NAME = "$(TARGET_NAME)";
				SWIFT_VERSION = 5.0;
				TARGETED_DEVICE_FAMILY = "1,2";
				TEST_HOST = "$(BUILT_PRODUCTS_DIR)/Smack.app/Smack";
			};
			name = Release;
		};
		841CF1E8252B35A30036E172 /* Debug */ = {
			isa = XCBuildConfiguration;
			buildSettings = {
				ALWAYS_EMBED_SWIFT_STANDARD_LIBRARIES = YES;
				CODE_SIGN_STYLE = Automatic;
				INFOPLIST_FILE = SmackUITests/Info.plist;
				LD_RUNPATH_SEARCH_PATHS = (
					"$(inherited)",
					"@executable_path/Frameworks",
					"@loader_path/Frameworks",
				);
				PRODUCT_BUNDLE_IDENTIFIER = com.abdo.abdo.SmackUITests;
				PRODUCT_NAME = "$(TARGET_NAME)";
				SWIFT_VERSION = 5.0;
				TARGETED_DEVICE_FAMILY = "1,2";
				TEST_TARGET_NAME = Smack;
			};
			name = Debug;
		};
		841CF1E9252B35A30036E172 /* Release */ = {
			isa = XCBuildConfiguration;
			buildSettings = {
				ALWAYS_EMBED_SWIFT_STANDARD_LIBRARIES = YES;
				CODE_SIGN_STYLE = Automatic;
				INFOPLIST_FILE = SmackUITests/Info.plist;
				LD_RUNPATH_SEARCH_PATHS = (
					"$(inherited)",
					"@executable_path/Frameworks",
					"@loader_path/Frameworks",
				);
				PRODUCT_BUNDLE_IDENTIFIER = com.abdo.abdo.SmackUITests;
				PRODUCT_NAME = "$(TARGET_NAME)";
				SWIFT_VERSION = 5.0;
				TARGETED_DEVICE_FAMILY = "1,2";
				TEST_TARGET_NAME = Smack;
			};
			name = Release;
		};
/* End XCBuildConfiguration section */

/* Begin XCConfigurationList section */
		841CF1B2252B359D0036E172 /* Build configuration list for PBXProject "Smack" */ = {
			isa = XCConfigurationList;
			buildConfigurations = (
				841CF1DF252B35A30036E172 /* Debug */,
				841CF1E0252B35A30036E172 /* Release */,
			);
			defaultConfigurationIsVisible = 0;
			defaultConfigurationName = Release;
		};
		841CF1E1252B35A30036E172 /* Build configuration list for PBXNativeTarget "Smack" */ = {
			isa = XCConfigurationList;
			buildConfigurations = (
				841CF1E2252B35A30036E172 /* Debug */,
				841CF1E3252B35A30036E172 /* Release */,
			);
			defaultConfigurationIsVisible = 0;
			defaultConfigurationName = Release;
		};
		841CF1E4252B35A30036E172 /* Build configuration list for PBXNativeTarget "SmackTests" */ = {
			isa = XCConfigurationList;
			buildConfigurations = (
				841CF1E5252B35A30036E172 /* Debug */,
				841CF1E6252B35A30036E172 /* Release */,
			);
			defaultConfigurationIsVisible = 0;
			defaultConfigurationName = Release;
		};
		841CF1E7252B35A30036E172 /* Build configuration list for PBXNativeTarget "SmackUITests" */ = {
			isa = XCConfigurationList;
			buildConfigurations = (
				841CF1E8252B35A30036E172 /* Debug */,
				841CF1E9252B35A30036E172 /* Release */,
			);
			defaultConfigurationIsVisible = 0;
			defaultConfigurationName = Release;
		};
/* End XCConfigurationList section */
	};
	rootObject = 841CF1AF252B359D0036E172 /* Project object */;
}
