// !$*UTF8*$!
{
	archiveVersion = 1;
	classes = {
	};
	objectVersion = 51;
	objects = {

/* Begin PBXBuildFile section */
		717EB20625AF020767DC7D48 /* Pods_SmackTests.framework in Frameworks */ = {isa = PBXBuildFile; fileRef = 35DAE78BE35304E4C0F82FA8 /* Pods_SmackTests.framework */; };
		72DDE34FEEA1B30B93DF89D7 /* Pods_Smack.framework in Frameworks */ = {isa = PBXBuildFile; fileRef = A9339A0F85FF855FB25168FB /* Pods_Smack.framework */; };
		841CF1BB252B359E0036E172 /* AppDelegate.swift in Sources */ = {isa = PBXBuildFile; fileRef = 841CF1BA252B359E0036E172 /* AppDelegate.swift */; };
		841CF1BD252B359E0036E172 /* SceneDelegate.swift in Sources */ = {isa = PBXBuildFile; fileRef = 841CF1BC252B359E0036E172 /* SceneDelegate.swift */; };
		841CF1C2252B359E0036E172 /* Main.storyboard in Resources */ = {isa = PBXBuildFile; fileRef = 841CF1C0252B359E0036E172 /* Main.storyboard */; };
		841CF1C4252B35A20036E172 /* Assets.xcassets in Resources */ = {isa = PBXBuildFile; fileRef = 841CF1C3252B35A20036E172 /* Assets.xcassets */; };
		841CF1C7252B35A20036E172 /* LaunchScreen.storyboard in Resources */ = {isa = PBXBuildFile; fileRef = 841CF1C5252B35A20036E172 /* LaunchScreen.storyboard */; };
		841CF1D2252B35A30036E172 /* SmackTests.swift in Sources */ = {isa = PBXBuildFile; fileRef = 841CF1D1252B35A30036E172 /* SmackTests.swift */; };
		841CF1DD252B35A30036E172 /* SmackUITests.swift in Sources */ = {isa = PBXBuildFile; fileRef = 841CF1DC252B35A30036E172 /* SmackUITests.swift */; };
		843A7391252D252A000C0D20 /* SWRevealViewController.m in Sources */ = {isa = PBXBuildFile; fileRef = 843A7390252D2529000C0D20 /* SWRevealViewController.m */; };
		843A739A252D33FA000C0D20 /* chatVC.swift in Sources */ = {isa = PBXBuildFile; fileRef = 843A7399252D33FA000C0D20 /* chatVC.swift */; };
		843A739C252D3411000C0D20 /* channalVC.swift in Sources */ = {isa = PBXBuildFile; fileRef = 843A739B252D3411000C0D20 /* channalVC.swift */; };
		F6BA4563BA5AFA88DEEDCF12 /* Pods_Smack_SmackUITests.framework in Frameworks */ = {isa = PBXBuildFile; fileRef = 6F22CAF1E18D01EEB9E1B3C2 /* Pods_Smack_SmackUITests.framework */; };
/* End PBXBuildFile section */

/* Begin PBXContainerItemProxy section */
		841CF1CE252B35A30036E172 /* PBXContainerItemProxy */ = {
			isa = PBXContainerItemProxy;
			containerPortal = 841CF1AF252B359D0036E172 /* Project object */;
			proxyType = 1;
			remoteGlobalIDString = 841CF1B6252B359E0036E172;
			remoteInfo = Smack;
		};
		841CF1D9252B35A30036E172 /* PBXContainerItemProxy */ = {
			isa = PBXContainerItemProxy;
			containerPortal = 841CF1AF252B359D0036E172 /* Project object */;
			proxyType = 1;
			remoteGlobalIDString = 841CF1B6252B359E0036E172;
			remoteInfo = Smack;
		};
/* End PBXContainerItemProxy section */

/* Begin PBXFileReference section */
		31A517CC5F349276365A4FC1 /* Pods-Smack-SmackUITests.release.xcconfig */ = {isa = PBXFileReference; includeInIndex = 1; lastKnownFileType = text.xcconfig; name = "Pods-Smack-SmackUITests.release.xcconfig"; path = "Target Support Files/Pods-Smack-SmackUITests/Pods-Smack-SmackUITests.release.xcconfig"; sourceTree = "<group>"; };
		34FB766453725B860976423F /* Pods-Smack-SmackUITests.debug.xcconfig */ = {isa = PBXFileReference; includeInIndex = 1; lastKnownFileType = text.xcconfig; name = "Pods-Smack-SmackUITests.debug.xcconfig"; path = "Target Support Files/Pods-Smack-SmackUITests/Pods-Smack-SmackUITests.debug.xcconfig"; sourceTree = "<group>"; };
		35DAE78BE35304E4C0F82FA8 /* Pods_SmackTests.framework */ = {isa = PBXFileReference; explicitFileType = wrapper.framework; includeInIndex = 0; path = Pods_SmackTests.framework; sourceTree = BUILT_PRODUCTS_DIR; };
		369316546085088946099B1C /* Pods-SmackTests.debug.xcconfig */ = {isa = PBXFileReference; includeInIndex = 1; lastKnownFileType = text.xcconfig; name = "Pods-SmackTests.debug.xcconfig"; path = "Target Support Files/Pods-SmackTests/Pods-SmackTests.debug.xcconfig"; sourceTree = "<group>"; };
		3AFCFB330D5D90BB135016DB /* Pods-Smack.debug.xcconfig */ = {isa = PBXFileReference; includeInIndex = 1; lastKnownFileType = text.xcconfig; name = "Pods-Smack.debug.xcconfig"; path = "Target Support Files/Pods-Smack/Pods-Smack.debug.xcconfig"; sourceTree = "<group>"; };
		6F22CAF1E18D01EEB9E1B3C2 /* Pods_Smack_SmackUITests.framework */ = {isa = PBXFileReference; explicitFileType = wrapper.framework; includeInIndex = 0; path = Pods_Smack_SmackUITests.framework; sourceTree = BUILT_PRODUCTS_DIR; };
		841CF1B7252B359E0036E172 /* Smack.app */ = {isa = PBXFileReference; explicitFileType = wrapper.application; includeInIndex = 0; path = Smack.app; sourceTree = BUILT_PRODUCTS_DIR; };
		841CF1BA252B359E0036E172 /* AppDelegate.swift */ = {isa = PBXFileReference; lastKnownFileType = sourcecode.swift; path = AppDelegate.swift; sourceTree = "<group>"; };
		841CF1BC252B359E0036E172 /* SceneDelegate.swift */ = {isa = PBXFileReference; lastKnownFileType = sourcecode.swift; path = SceneDelegate.swift; sourceTree = "<group>"; };
		841CF1C1252B359E0036E172 /* Base */ = {isa = PBXFileReference; lastKnownFileType = file.storyboard; name = Base; path = Base.lproj/Main.storyboard; sourceTree = "<group>"; };
		841CF1C3252B35A20036E172 /* Assets.xcassets */ = {isa = PBXFileReference; lastKnownFileType = folder.assetcatalog; path = Assets.xcassets; sourceTree = "<group>"; };
		841CF1C6252B35A20036E172 /* Base */ = {isa = PBXFileReference; lastKnownFileType = file.storyboard; name = Base; path = Base.lproj/LaunchScreen.storyboard; sourceTree = "<group>"; };
		841CF1C8252B35A20036E172 /* Info.plist */ = {isa = PBXFileReference; lastKnownFileType = text.plist.xml; path = Info.plist; sourceTree = "<group>"; };
		841CF1CD252B35A30036E172 /* SmackTests.xctest */ = {isa = PBXFileReference; explicitFileType = wrapper.cfbundle; includeInIndex = 0; path = SmackTests.xctest; sourceTree = BUILT_PRODUCTS_DIR; };
		841CF1D1252B35A30036E172 /* SmackTests.swift */ = {isa = PBXFileReference; lastKnownFileType = sourcecode.swift; path = SmackTests.swift; sourceTree = "<group>"; };
		841CF1D3252B35A30036E172 /* Info.plist */ = {isa = PBXFileReference; lastKnownFileType = text.plist.xml; path = Info.plist; sourceTree = "<group>"; };
		841CF1D8252B35A30036E172 /* SmackUITests.xctest */ = {isa = PBXFileReference; explicitFileType = wrapper.cfbundle; includeInIndex = 0; path = SmackUITests.xctest; sourceTree = BUILT_PRODUCTS_DIR; };
		841CF1DC252B35A30036E172 /* SmackUITests.swift */ = {isa = PBXFileReference; lastKnownFileType = sourcecode.swift; path = SmackUITests.swift; sourceTree = "<group>"; };
		841CF1DE252B35A30036E172 /* Info.plist */ = {isa = PBXFileReference; lastKnownFileType = text.plist.xml; path = Info.plist; sourceTree = "<group>"; };
		843A738E252D2529000C0D20 /* Smack-Bridging-Header.h */ = {isa = PBXFileReference; lastKnownFileType = sourcecode.c.h; path = "Smack-Bridging-Header.h"; sourceTree = "<group>"; };
		843A738F252D2529000C0D20 /* SWRevealViewController.h */ = {isa = PBXFileReference; fileEncoding = 4; lastKnownFileType = sourcecode.c.h; path = SWRevealViewController.h; sourceTree = "<group>"; };
		843A7390252D2529000C0D20 /* SWRevealViewController.m */ = {isa = PBXFileReference; fileEncoding = 4; lastKnownFileType = sourcecode.c.objc; path = SWRevealViewController.m; sourceTree = "<group>"; };
		843A7399252D33FA000C0D20 /* chatVC.swift */ = {isa = PBXFileReference; lastKnownFileType = sourcecode.swift; path = chatVC.swift; sourceTree = "<group>"; };
		843A739B252D3411000C0D20 /* channalVC.swift */ = {isa = PBXFileReference; lastKnownFileType = sourcecode.swift; path = channalVC.swift; sourceTree = "<group>"; };
		A9339A0F85FF855FB25168FB /* Pods_Smack.framework */ = {isa = PBXFileReference; explicitFileType = wrapper.framework; includeInIndex = 0; path = Pods_Smack.framework; sourceTree = BUILT_PRODUCTS_DIR; };
		B47889D3B5F53971746A2C77 /* Pods-SmackTests.release.xcconfig */ = {isa = PBXFileReference; includeInIndex = 1; lastKnownFileType = text.xcconfig; name = "Pods-SmackTests.release.xcconfig"; path = "Target Support Files/Pods-SmackTests/Pods-SmackTests.release.xcconfig"; sourceTree = "<group>"; };
		C307D118505A85BFFA5F76DA /* Pods-Smack.release.xcconfig */ = {isa = PBXFileReference; includeInIndex = 1; lastKnownFileType = text.xcconfig; name = "Pods-Smack.release.xcconfig"; path = "Target Support Files/Pods-Smack/Pods-Smack.release.xcconfig"; sourceTree = "<group>"; };
/* End PBXFileReference section */

/* Begin PBXFrameworksBuildPhase section */
		841CF1B4252B359E0036E172 /* Frameworks */ = {
			isa = PBXFrameworksBuildPhase;
			buildActionMask = 2147483647;
			files = (
				72DDE34FEEA1B30B93DF89D7 /* Pods_Smack.framework in Frameworks */,
			);
			runOnlyForDeploymentPostprocessing = 0;
		};
		841CF1CA252B35A30036E172 /* Frameworks */ = {
			isa = PBXFrameworksBuildPhase;
			buildActionMask = 2147483647;
			files = (
				717EB20625AF020767DC7D48 /* Pods_SmackTests.framework in Frameworks */,
			);
			runOnlyForDeploymentPostprocessing = 0;
		};
		841CF1D5252B35A30036E172 /* Frameworks */ = {
			isa = PBXFrameworksBuildPhase;
			buildActionMask = 2147483647;
			files = (
				F6BA4563BA5AFA88DEEDCF12 /* Pods_Smack_SmackUITests.framework in Frameworks */,
			);
			runOnlyForDeploymentPostprocessing = 0;
		};
/* End PBXFrameworksBuildPhase section */

/* Begin PBXGroup section */
		081E8BF4986EC254BC9685EC /* Frameworks */ = {
			isa = PBXGroup;
			children = (
				A9339A0F85FF855FB25168FB /* Pods_Smack.framework */,
				6F22CAF1E18D01EEB9E1B3C2 /* Pods_Smack_SmackUITests.framework */,
				35DAE78BE35304E4C0F82FA8 /* Pods_SmackTests.framework */,
			);
			name = Frameworks;
			sourceTree = "<group>";
		};
		841CF1AE252B359D0036E172 = {
			isa = PBXGroup;
			children = (
				841CF1B9252B359E0036E172 /* Smack */,
				841CF1D0252B35A30036E172 /* SmackTests */,
				841CF1DB252B35A30036E172 /* SmackUITests */,
				841CF1B8252B359E0036E172 /* Products */,
				96B4B93E73C4DCFA941CBCEA /* Pods */,
				081E8BF4986EC254BC9685EC /* Frameworks */,
			);
			sourceTree = "<group>";
		};
		841CF1B8252B359E0036E172 /* Products */ = {
			isa = PBXGroup;
			children = (
				841CF1B7252B359E0036E172 /* Smack.app */,
				841CF1CD252B35A30036E172 /* SmackTests.xctest */,
				841CF1D8252B35A30036E172 /* SmackUITests.xctest */,
			);
			name = Products;
			sourceTree = "<group>";
		};
		841CF1B9252B359E0036E172 /* Smack */ = {
			isa = PBXGroup;
			children = (
				843A7398252D33CD000C0D20 /* controller */,
				843A7397252D33BD000C0D20 /* view */,
				843A7396252D33B3000C0D20 /* model */,
				843A7395252D2A4F000C0D20 /* supoorting file */,
				841CF1BA252B359E0036E172 /* AppDelegate.swift */,
				841CF1BC252B359E0036E172 /* SceneDelegate.swift */,
				841CF1C0252B359E0036E172 /* Main.storyboard */,
				841CF1C3252B35A20036E172 /* Assets.xcassets */,
				841CF1C5252B35A20036E172 /* LaunchScreen.storyboard */,
				841CF1C8252B35A20036E172 /* Info.plist */,
				843A738E252D2529000C0D20 /* Smack-Bridging-Header.h */,
			);
			path = Smack;
			sourceTree = "<group>";
		};
		841CF1D0252B35A30036E172 /* SmackTests */ = {
			isa = PBXGroup;
			children = (
				841CF1D1252B35A30036E172 /* SmackTests.swift */,
				841CF1D3252B35A30036E172 /* Info.plist */,
			);
			path = SmackTests;
			sourceTree = "<group>";
		};
		841CF1DB252B35A30036E172 /* SmackUITests */ = {
			isa = PBXGroup;
			children = (
				841CF1DC252B35A30036E172 /* SmackUITests.swift */,
				841CF1DE252B35A30036E172 /* Info.plist */,
			);
			path = SmackUITests;
			sourceTree = "<group>";
		};
		843A7395252D2A4F000C0D20 /* supoorting file */ = {
			isa = PBXGroup;
			children = (
				843A7390252D2529000C0D20 /* SWRevealViewController.m */,
				843A738F252D2529000C0D20 /* SWRevealViewController.h */,
			);
			path = "supoorting file";
			sourceTree = "<group>";
		};
		843A7396252D33B3000C0D20 /* model */ = {
			isa = PBXGroup;
			children = (
			);
			path = model;
			sourceTree = "<group>";
		};
		843A7397252D33BD000C0D20 /* view */ = {
			isa = PBXGroup;
			children = (
			);
			path = view;
			sourceTree = "<group>";
		};
		843A7398252D33CD000C0D20 /* controller */ = {
			isa = PBXGroup;
			children = (
				843A7399252D33FA000C0D20 /* chatVC.swift */,
				843A739B252D3411000C0D20 /* channalVC.swift */,
			);
			path = controller;
			sourceTree = "<group>";
		};
		96B4B93E73C4DCFA941CBCEA /* Pods */ = {
			isa = PBXGroup;
			children = (
				3AFCFB330D5D90BB135016DB /* Pods-Smack.debug.xcconfig */,
				C307D118505A85BFFA5F76DA /* Pods-Smack.release.xcconfig */,
				34FB766453725B860976423F /* Pods-Smack-SmackUITests.debug.xcconfig */,
				31A517CC5F349276365A4FC1 /* Pods-Smack-SmackUITests.release.xcconfig */,
				369316546085088946099B1C /* Pods-SmackTests.debug.xcconfig */,
				B47889D3B5F53971746A2C77 /* Pods-SmackTests.release.xcconfig */,
			);
			path = Pods;
			sourceTree = "<group>";
		};
/* End PBXGroup section */

/* Begin PBXNativeTarget section */
		841CF1B6252B359E0036E172 /* Smack */ = {
			isa = PBXNativeTarget;
			buildConfigurationList = 841CF1E1252B35A30036E172 /* Build configuration list for PBXNativeTarget "Smack" */;
			buildPhases = (
				CD9CE786C264C8E397452E7E /* [CP] Check Pods Manifest.lock */,
				841CF1B3252B359E0036E172 /* Sources */,
				841CF1B4252B359E0036E172 /* Frameworks */,
				841CF1B5252B359E0036E172 /* Resources */,
				8CBC861EFD1EDA6087FB5A19 /* [CP] Embed Pods Frameworks */,
			);
			buildRules = (
			);
			dependencies = (
			);
			name = Smack;
			productName = Smack;
			productReference = 841CF1B7252B359E0036E172 /* Smack.app */;
			productType = "com.apple.product-type.application";
		};
		841CF1CC252B35A30036E172 /* SmackTests */ = {
			isa = PBXNativeTarget;
			buildConfigurationList = 841CF1E4252B35A30036E172 /* Build configuration list for PBXNativeTarget "SmackTests" */;
			buildPhases = (
				63C58283B0771FE67588A010 /* [CP] Check Pods Manifest.lock */,
				841CF1C9252B35A30036E172 /* Sources */,
				841CF1CA252B35A30036E172 /* Frameworks */,
				841CF1CB252B35A30036E172 /* Resources */,
			);
			buildRules = (
			);
			dependencies = (
				841CF1CF252B35A30036E172 /* PBXTargetDependency */,
			);
			name = SmackTests;
			productName = SmackTests;
			productReference = 841CF1CD252B35A30036E172 /* SmackTests.xctest */;
			productType = "com.apple.product-type.bundle.unit-test";
		};
		841CF1D7252B35A30036E172 /* SmackUITests */ = {
			isa = PBXNativeTarget;
			buildConfigurationList = 841CF1E7252B35A30036E172 /* Build configuration list for PBXNativeTarget "SmackUITests" */;
			buildPhases = (
				1B4E3CBD51886247E594E61E /* [CP] Check Pods Manifest.lock */,
				841CF1D4252B35A30036E172 /* Sources */,
				841CF1D5252B35A30036E172 /* Frameworks */,
				841CF1D6252B35A30036E172 /* Resources */,
				C65300C27D017CCC6A6C2956 /* [CP] Embed Pods Frameworks */,
			);
			buildRules = (
			);
			dependencies = (
				841CF1DA252B35A30036E172 /* PBXTargetDependency */,
			);
			name = SmackUITests;
			productName = SmackUITests;
			productReference = 841CF1D8252B35A30036E172 /* SmackUITests.xctest */;
			productType = "com.apple.product-type.bundle.ui-testing";
		};
/* End PBXNativeTarget section */

/* Begin PBXProject section */
		841CF1AF252B359D0036E172 /* Project object */ = {
			isa = PBXProject;
			attributes = {
				LastSwiftUpdateCheck = 1150;
				LastUpgradeCheck = 1150;
				ORGANIZATIONNAME = admin;
				TargetAttributes = {
					841CF1B6252B359E0036E172 = {
						CreatedOnToolsVersion = 11.5;
						LastSwiftMigration = 1150;
					};
					841CF1CC252B35A30036E172 = {
						CreatedOnToolsVersion = 11.5;
						TestTargetID = 841CF1B6252B359E0036E172;
					};
					841CF1D7252B35A30036E172 = {
						CreatedOnToolsVersion = 11.5;
						TestTargetID = 841CF1B6252B359E0036E172;
					};
				};
			};
			buildConfigurationList = 841CF1B2252B359D0036E172 /* Build configuration list for PBXProject "Smack" */;
			compatibilityVersion = "Xcode 9.3";
			developmentRegion = en;
			hasScannedForEncodings = 0;
			knownRegions = (
				en,
				Base,
			);
			mainGroup = 841CF1AE252B359D0036E172;
			productRefGroup = 841CF1B8252B359E0036E172 /* Products */;
			projectDirPath = "";
			projectRoot = "";
			targets = (
				841CF1B6252B359E0036E172 /* Smack */,
				841CF1CC252B35A30036E172 /* SmackTests */,
				841CF1D7252B35A30036E172 /* SmackUITests */,
			);
		};
/* End PBXProject section */

/* Begin PBXResourcesBuildPhase section */
		841CF1B5252B359E0036E172 /* Resources */ = {
			isa = PBXResourcesBuildPhase;
			buildActionMask = 2147483647;
			files = (
				841CF1C7252B35A20036E172 /* LaunchScreen.storyboard in Resources */,
				841CF1C4252B35A20036E172 /* Assets.xcassets in Resources */,
				841CF1C2252B359E0036E172 /* Main.storyboard in Resources */,
			);
			runOnlyForDeploymentPostprocessing = 0;
		};
		841CF1CB252B35A30036E172 /* Resources */ = {
			isa = PBXResourcesBuildPhase;
			buildActionMask = 2147483647;
			files = (
			);
			runOnlyForDeploymentPostprocessing = 0;
		};
		841CF1D6252B35A30036E172 /* Resources */ = {
			isa = PBXResourcesBuildPhase;
			buildActionMask = 2147483647;
			files = (
			);
			runOnlyForDeploymentPostprocessing = 0;
		};
/* End PBXResourcesBuildPhase section */

/* Begin PBXShellScriptBuildPhase section */
		1B4E3CBD51886247E594E61E /* [CP] Check Pods Manifest.lock */ = {
			isa = PBXShellScriptBuildPhase;
			buildActionMask = 2147483647;
			files = (
			);
			inputFileListPaths = (
			);
			inputPaths = (
				"${PODS_PODFILE_DIR_PATH}/Podfile.lock",
				"${PODS_ROOT}/Manifest.lock",
			);
			name = "[CP] Check Pods Manifest.lock";
			outputFileListPaths = (
			);
			outputPaths = (
				"$(DERIVED_FILE_DIR)/Pods-Smack-SmackUITests-checkManifestLockResult.txt",
			);
			runOnlyForDeploymentPostprocessing = 0;
			shellPath = /bin/sh;
			shellScript = "diff \"${PODS_PODFILE_DIR_PATH}/Podfile.lock\" \"${PODS_ROOT}/Manifest.lock\" > /dev/null\nif [ $? != 0 ] ; then\n    # print error to STDERR\n    echo \"error: The sandbox is not in sync with the Podfile.lock. Run 'pod install' or update your CocoaPods installation.\" >&2\n    exit 1\nfi\n# This output is used by Xcode 'outputs' to avoid re-running this script phase.\necho \"SUCCESS\" > \"${SCRIPT_OUTPUT_FILE_0}\"\n";
			showEnvVarsInLog = 0;
		};
		63C58283B0771FE67588A010 /* [CP] Check Pods Manifest.lock */ = {
			isa = PBXShellScriptBuildPhase;
			buildActionMask = 2147483647;
			files = (
			);
			inputFileListPaths = (
			);
			inputPaths = (
				"${PODS_PODFILE_DIR_PATH}/Podfile.lock",
				"${PODS_ROOT}/Manifest.lock",
			);
			name = "[CP] Check Pods Manifest.lock";
			outputFileListPaths = (
			);
			outputPaths = (
				"$(DERIVED_FILE_DIR)/Pods-SmackTests-checkManifestLockResult.txt",
			);
			runOnlyForDeploymentPostprocessing = 0;
			shellPath = /bin/sh;
			shellScript = "diff \"${PODS_PODFILE_DIR_PATH}/Podfile.lock\" \"${PODS_ROOT}/Manifest.lock\" > /dev/null\nif [ $? != 0 ] ; then\n    # print error to STDERR\n    echo \"error: The sandbox is not in sync with the Podfile.lock. Run 'pod install' or update your CocoaPods installation.\" >&2\n    exit 1\nfi\n# This output is used by Xcode 'outputs' to avoid re-running this script phase.\necho \"SUCCESS\" > \"${SCRIPT_OUTPUT_FILE_0}\"\n";
			showEnvVarsInLog = 0;
		};
		8CBC861EFD1EDA6087FB5A19 /* [CP] Embed Pods Frameworks */ = {
			isa = PBXShellScriptBuildPhase;
			buildActionMask = 2147483647;
			files = (
			);
			inputFileListPaths = (
				"${PODS_ROOT}/Target Support Files/Pods-Smack/Pods-Smack-frameworks-${CONFIGURATION}-input-files.xcfilelist",
			);
			name = "[CP] Embed Pods Frameworks";
			outputFileListPaths = (
				"${PODS_ROOT}/Target Support Files/Pods-Smack/Pods-Smack-frameworks-${CONFIGURATION}-output-files.xcfilelist",
			);
			runOnlyForDeploymentPostprocessing = 0;
			shellPath = /bin/sh;
			shellScript = "\"${PODS_ROOT}/Target Support Files/Pods-Smack/Pods-Smack-frameworks.sh\"\n";
			showEnvVarsInLog = 0;
		};
		C65300C27D017CCC6A6C2956 /* [CP] Embed Pods Frameworks */ = {
			isa = PBXShellScriptBuildPhase;
			buildActionMask = 2147483647;
			files = (
			);
			inputFileListPaths = (
				"${PODS_ROOT}/Target Support Files/Pods-Smack-SmackUITests/Pods-Smack-SmackUITests-frameworks-${CONFIGURATION}-input-files.xcfilelist",
			);
			name = "[CP] Embed Pods Frameworks";
			outputFileListPaths = (
				"${PODS_ROOT}/Target Support Files/Pods-Smack-SmackUITests/Pods-Smack-SmackUITests-frameworks-${CONFIGURATION}-output-files.xcfilelist",
			);
			runOnlyForDeploymentPostprocessing = 0;
			shellPath = /bin/sh;
			shellScript = "\"${PODS_ROOT}/Target Support Files/Pods-Smack-SmackUITests/Pods-Smack-SmackUITests-frameworks.sh\"\n";
			showEnvVarsInLog = 0;
		};
		CD9CE786C264C8E397452E7E /* [CP] Check Pods Manifest.lock */ = {
			isa = PBXShellScriptBuildPhase;
			buildActionMask = 2147483647;
			files = (
			);
			inputFileListPaths = (
			);
			inputPaths = (
				"${PODS_PODFILE_DIR_PATH}/Podfile.lock",
				"${PODS_ROOT}/Manifest.lock",
			);
			name = "[CP] Check Pods Manifest.lock";
			outputFileListPaths = (
			);
			outputPaths = (
				"$(DERIVED_FILE_DIR)/Pods-Smack-checkManifestLockResult.txt",
			);
			runOnlyForDeploymentPostprocessing = 0;
			shellPath = /bin/sh;
			shellScript = "diff \"${PODS_PODFILE_DIR_PATH}/Podfile.lock\" \"${PODS_ROOT}/Manifest.lock\" > /dev/null\nif [ $? != 0 ] ; then\n    # print error to STDERR\n    echo \"error: The sandbox is not in sync with the Podfile.lock. Run 'pod install' or update your CocoaPods installation.\" >&2\n    exit 1\nfi\n# This output is used by Xcode 'outputs' to avoid re-running this script phase.\necho \"SUCCESS\" > \"${SCRIPT_OUTPUT_FILE_0}\"\n";
			showEnvVarsInLog = 0;
		};
/* End PBXShellScriptBuildPhase section */

/* Begin PBXSourcesBuildPhase section */
		841CF1B3252B359E0036E172 /* Sources */ = {
			isa = PBXSourcesBuildPhase;
			buildActionMask = 2147483647;
			files = (
				843A739A252D33FA000C0D20 /* chatVC.swift in Sources */,
				841CF1BB252B359E0036E172 /* AppDelegate.swift in Sources */,
				841CF1BD252B359E0036E172 /* SceneDelegate.swift in Sources */,
				843A739C252D3411000C0D20 /* channalVC.swift in Sources */,
				843A7391252D252A000C0D20 /* SWRevealViewController.m in Sources */,
			);
			runOnlyForDeploymentPostprocessing = 0;
		};
		841CF1C9252B35A30036E172 /* Sources */ = {
			isa = PBXSourcesBuildPhase;
			buildActionMask = 2147483647;
			files = (
				841CF1D2252B35A30036E172 /* SmackTests.swift in Sources */,
			);
			runOnlyForDeploymentPostprocessing = 0;
		};
		841CF1D4252B35A30036E172 /* Sources */ = {
			isa = PBXSourcesBuildPhase;
			buildActionMask = 2147483647;
			files = (
				841CF1DD252B35A30036E172 /* SmackUITests.swift in Sources */,
			);
			runOnlyForDeploymentPostprocessing = 0;
		};
/* End PBXSourcesBuildPhase section */

/* Begin PBXTargetDependency section */
		841CF1CF252B35A30036E172 /* PBXTargetDependency */ = {
			isa = PBXTargetDependency;
			target = 841CF1B6252B359E0036E172 /* Smack */;
			targetProxy = 841CF1CE252B35A30036E172 /* PBXContainerItemProxy */;
		};
		841CF1DA252B35A30036E172 /* PBXTargetDependency */ = {
			isa = PBXTargetDependency;
			target = 841CF1B6252B359E0036E172 /* Smack */;
			targetProxy = 841CF1D9252B35A30036E172 /* PBXContainerItemProxy */;
		};
/* End PBXTargetDependency section */

/* Begin PBXVariantGroup section */
		841CF1C0252B359E0036E172 /* Main.storyboard */ = {
			isa = PBXVariantGroup;
			children = (
				841CF1C1252B359E0036E172 /* Base */,
			);
			name = Main.storyboard;
			sourceTree = "<group>";
		};
		841CF1C5252B35A20036E172 /* LaunchScreen.storyboard */ = {
			isa = PBXVariantGroup;
			children = (
				841CF1C6252B35A20036E172 /* Base */,
			);
			name = LaunchScreen.storyboard;
			sourceTree = "<group>";
		};
/* End PBXVariantGroup section */

/* Begin XCBuildConfiguration section */
		841CF1DF252B35A30036E172 /* Debug */ = {
			isa = XCBuildConfiguration;
			buildSettings = {
				ALWAYS_SEARCH_USER_PATHS = NO;
				CLANG_ANALYZER_NONNULL = YES;
				CLANG_ANALYZER_NUMBER_OBJECT_CONVERSION = YES_AGGRESSIVE;
				CLANG_CXX_LANGUAGE_STANDARD = "gnu++14";
				CLANG_CXX_LIBRARY = "libc++";
				CLANG_ENABLE_MODULES = YES;
				CLANG_ENABLE_OBJC_ARC = YES;
				CLANG_ENABLE_OBJC_WEAK = YES;
				CLANG_WARN_BLOCK_CAPTURE_AUTORELEASING = YES;
				CLANG_WARN_BOOL_CONVERSION = YES;
				CLANG_WARN_COMMA = YES;
				CLANG_WARN_CONSTANT_CONVERSION = YES;
				CLANG_WARN_DEPRECATED_OBJC_IMPLEMENTATIONS = YES;
				CLANG_WARN_DIRECT_OBJC_ISA_USAGE = YES_ERROR;
				CLANG_WARN_DOCUMENTATION_COMMENTS = YES;
				CLANG_WARN_EMPTY_BODY = YES;
				CLANG_WARN_ENUM_CONVERSION = YES;
				CLANG_WARN_INFINITE_RECURSION = YES;
				CLANG_WARN_INT_CONVERSION = YES;
				CLANG_WARN_NON_LITERAL_NULL_CONVERSION = YES;
				CLANG_WARN_OBJC_IMPLICIT_RETAIN_SELF = YES;
				CLANG_WARN_OBJC_LITERAL_CONVERSION = YES;
				CLANG_WARN_OBJC_ROOT_CLASS = YES_ERROR;
				CLANG_WARN_RANGE_LOOP_ANALYSIS = YES;
				CLANG_WARN_STRICT_PROTOTYPES = YES;
				CLANG_WARN_SUSPICIOUS_MOVE = YES;
				CLANG_WARN_UNGUARDED_AVAILABILITY = YES_AGGRESSIVE;
				CLANG_WARN_UNREACHABLE_CODE = YES;
				CLANG_WARN__DUPLICATE_METHOD_MATCH = YES;
				COPY_PHASE_STRIP = NO;
				DEBUG_INFORMATION_FORMAT = dwarf;
				ENABLE_STRICT_OBJC_MSGSEND = YES;
				ENABLE_TESTABILITY = YES;
				GCC_C_LANGUAGE_STANDARD = gnu11;
				GCC_DYNAMIC_NO_PIC = NO;
				GCC_NO_COMMON_BLOCKS = YES;
				GCC_OPTIMIZATION_LEVEL = 0;
				GCC_PREPROCESSOR_DEFINITIONS = (
					"DEBUG=1",
					"$(inherited)",
				);
				GCC_WARN_64_TO_32_BIT_CONVERSION = YES;
				GCC_WARN_ABOUT_RETURN_TYPE = YES_ERROR;
				GCC_WARN_UNDECLARED_SELECTOR = YES;
				GCC_WARN_UNINITIALIZED_AUTOS = YES_AGGRESSIVE;
				GCC_WARN_UNUSED_FUNCTION = YES;
				GCC_WARN_UNUSED_VARIABLE = YES;
				IPHONEOS_DEPLOYMENT_TARGET = 13.5;
				MTL_ENABLE_DEBUG_INFO = INCLUDE_SOURCE;
				MTL_FAST_MATH = YES;
				ONLY_ACTIVE_ARCH = YES;
				SDKROOT = iphoneos;
				SWIFT_ACTIVE_COMPILATION_CONDITIONS = DEBUG;
				SWIFT_OPTIMIZATION_LEVEL = "-Onone";
			};
			name = Debug;
		};
		841CF1E0252B35A30036E172 /* Release */ = {
			isa = XCBuildConfiguration;
			buildSettings = {
				ALWAYS_SEARCH_USER_PATHS = NO;
				CLANG_ANALYZER_NONNULL = YES;
				CLANG_ANALYZER_NUMBER_OBJECT_CONVERSION = YES_AGGRESSIVE;
				CLANG_CXX_LANGUAGE_STANDARD = "gnu++14";
				CLANG_CXX_LIBRARY = "libc++";
				CLANG_ENABLE_MODULES = YES;
				CLANG_ENABLE_OBJC_ARC = YES;
				CLANG_ENABLE_OBJC_WEAK = YES;
				CLANG_WARN_BLOCK_CAPTURE_AUTORELEASING = YES;
				CLANG_WARN_BOOL_CONVERSION = YES;
				CLANG_WARN_COMMA = YES;
				CLANG_WARN_CONSTANT_CONVERSION = YES;
				CLANG_WARN_DEPRECATED_OBJC_IMPLEMENTATIONS = YES;
				CLANG_WARN_DIRECT_OBJC_ISA_USAGE = YES_ERROR;
				CLANG_WARN_DOCUMENTATION_COMMENTS = YES;
				CLANG_WARN_EMPTY_BODY = YES;
				CLANG_WARN_ENUM_CONVERSION = YES;
				CLANG_WARN_INFINITE_RECURSION = YES;
				CLANG_WARN_INT_CONVERSION = YES;
				CLANG_WARN_NON_LITERAL_NULL_CONVERSION = YES;
				CLANG_WARN_OBJC_IMPLICIT_RETAIN_SELF = YES;
				CLANG_WARN_OBJC_LITERAL_CONVERSION = YES;
				CLANG_WARN_OBJC_ROOT_CLASS = YES_ERROR;
				CLANG_WARN_RANGE_LOOP_ANALYSIS = YES;
				CLANG_WARN_STRICT_PROTOTYPES = YES;
				CLANG_WARN_SUSPICIOUS_MOVE = YES;
				CLANG_WARN_UNGUARDED_AVAILABILITY = YES_AGGRESSIVE;
				CLANG_WARN_UNREACHABLE_CODE = YES;
				CLANG_WARN__DUPLICATE_METHOD_MATCH = YES;
				COPY_PHASE_STRIP = NO;
				DEBUG_INFORMATION_FORMAT = "dwarf-with-dsym";
				ENABLE_NS_ASSERTIONS = NO;
				ENABLE_STRICT_OBJC_MSGSEND = YES;
				GCC_C_LANGUAGE_STANDARD = gnu11;
				GCC_NO_COMMON_BLOCKS = YES;
				GCC_WARN_64_TO_32_BIT_CONVERSION = YES;
				GCC_WARN_ABOUT_RETURN_TYPE = YES_ERROR;
				GCC_WARN_UNDECLARED_SELECTOR = YES;
				GCC_WARN_UNINITIALIZED_AUTOS = YES_AGGRESSIVE;
				GCC_WARN_UNUSED_FUNCTION = YES;
				GCC_WARN_UNUSED_VARIABLE = YES;
				IPHONEOS_DEPLOYMENT_TARGET = 13.5;
				MTL_ENABLE_DEBUG_INFO = NO;
				MTL_FAST_MATH = YES;
				SDKROOT = iphoneos;
				SWIFT_COMPILATION_MODE = wholemodule;
				SWIFT_OPTIMIZATION_LEVEL = "-O";
				VALIDATE_PRODUCT = YES;
			};
			name = Release;
		};
		841CF1E2252B35A30036E172 /* Debug */ = {
			isa = XCBuildConfiguration;
			baseConfigurationReference = 3AFCFB330D5D90BB135016DB /* Pods-Smack.debug.xcconfig */;
			buildSettings = {
				ASSETCATALOG_COMPILER_APPICON_NAME = AppIcon;
				CLANG_ENABLE_MODULES = YES;
				CODE_SIGN_STYLE = Automatic;
				INFOPLIST_FILE = Smack/Info.plist;
				LD_RUNPATH_SEARCH_PATHS = (
					"$(inherited)",
					"@executable_path/Frameworks",
				);
				PRODUCT_BUNDLE_IDENTIFIER = com.abdo.abdo.Smack;
				PRODUCT_NAME = "$(TARGET_NAME)";
				SWIFT_OBJC_BRIDGING_HEADER = "Smack/Smack-Bridging-Header.h";
				SWIFT_OPTIMIZATION_LEVEL = "-Onone";
				SWIFT_VERSION = 5.0;
				TARGETED_DEVICE_FAMILY = "1,2";
			};
			name = Debug;
		};
		841CF1E3252B35A30036E172 /* Release */ = {
			isa = XCBuildConfiguration;
			baseConfigurationReference = C307D118505A85BFFA5F76DA /* Pods-Smack.release.xcconfig */;
			buildSettings = {
				ASSETCATALOG_COMPILER_APPICON_NAME = AppIcon;
				CLANG_ENABLE_MODULES = YES;
				CODE_SIGN_STYLE = Automatic;
				INFOPLIST_FILE = Smack/Info.plist;
				LD_RUNPATH_SEARCH_PATHS = (
					"$(inherited)",
					"@executable_path/Frameworks",
				);
				PRODUCT_BUNDLE_IDENTIFIER = com.abdo.abdo.Smack;
				PRODUCT_NAME = "$(TARGET_NAME)";
				SWIFT_OBJC_BRIDGING_HEADER = "Smack/Smack-Bridging-Header.h";
				SWIFT_VERSION = 5.0;
				TARGETED_DEVICE_FAMILY = "1,2";
			};
			name = Release;
		};
		841CF1E5252B35A30036E172 /* Debug */ = {
			isa = XCBuildConfiguration;
			baseConfigurationReference = 369316546085088946099B1C /* Pods-SmackTests.debug.xcconfig */;
			buildSettings = {
				ALWAYS_EMBED_SWIFT_STANDARD_LIBRARIES = YES;
				BUNDLE_LOADER = "$(TEST_HOST)";
				CODE_SIGN_STYLE = Automatic;
				INFOPLIST_FILE = SmackTests/Info.plist;
				IPHONEOS_DEPLOYMENT_TARGET = 13.5;
				LD_RUNPATH_SEARCH_PATHS = (
					"$(inherited)",
					"@executable_path/Frameworks",
					"@loader_path/Frameworks",
				);
				PRODUCT_BUNDLE_IDENTIFIER = com.abdo.abdo.SmackTests;
				PRODUCT_NAME = "$(TARGET_NAME)";
				SWIFT_VERSION = 5.0;
				TARGETED_DEVICE_FAMILY = "1,2";
				TEST_HOST = "$(BUILT_PRODUCTS_DIR)/Smack.app/Smack";
			};
			name = Debug;
		};
		841CF1E6252B35A30036E172 /* Release */ = {
			isa = XCBuildConfiguration;
			baseConfigurationReference = B47889D3B5F53971746A2C77 /* Pods-SmackTests.release.xcconfig */;
			buildSettings = {
				ALWAYS_EMBED_SWIFT_STANDARD_LIBRARIES = YES;
				BUNDLE_LOADER = "$(TEST_HOST)";
				CODE_SIGN_STYLE = Automatic;
				INFOPLIST_FILE = SmackTests/Info.plist;
				IPHONEOS_DEPLOYMENT_TARGET = 13.5;
				LD_RUNPATH_SEARCH_PATHS = (
					"$(inherited)",
					"@executable_path/Frameworks",
					"@loader_path/Frameworks",
				);
				PRODUCT_BUNDLE_IDENTIFIER = com.abdo.abdo.SmackTests;
				PRODUCT_NAME = "$(TARGET_NAME)";
				SWIFT_VERSION = 5.0;
				TARGETED_DEVICE_FAMILY = "1,2";
				TEST_HOST = "$(BUILT_PRODUCTS_DIR)/Smack.app/Smack";
			};
			name = Release;
		};
		841CF1E8252B35A30036E172 /* Debug */ = {
			isa = XCBuildConfiguration;
			baseConfigurationReference = 34FB766453725B860976423F /* Pods-Smack-SmackUITests.debug.xcconfig */;
			buildSettings = {
				ALWAYS_EMBED_SWIFT_STANDARD_LIBRARIES = YES;
				CODE_SIGN_STYLE = Automatic;
				INFOPLIST_FILE = SmackUITests/Info.plist;
				LD_RUNPATH_SEARCH_PATHS = (
					"$(inherited)",
					"@executable_path/Frameworks",
					"@loader_path/Frameworks",
				);
				PRODUCT_BUNDLE_IDENTIFIER = com.abdo.abdo.SmackUITests;
				PRODUCT_NAME = "$(TARGET_NAME)";
				SWIFT_VERSION = 5.0;
				TARGETED_DEVICE_FAMILY = "1,2";
				TEST_TARGET_NAME = Smack;
			};
			name = Debug;
		};
		841CF1E9252B35A30036E172 /* Release */ = {
			isa = XCBuildConfiguration;
			baseConfigurationReference = 31A517CC5F349276365A4FC1 /* Pods-Smack-SmackUITests.release.xcconfig */;
			buildSettings = {
				ALWAYS_EMBED_SWIFT_STANDARD_LIBRARIES = YES;
				CODE_SIGN_STYLE = Automatic;
				INFOPLIST_FILE = SmackUITests/Info.plist;
				LD_RUNPATH_SEARCH_PATHS = (
					"$(inherited)",
					"@executable_path/Frameworks",
					"@loader_path/Frameworks",
				);
				PRODUCT_BUNDLE_IDENTIFIER = com.abdo.abdo.SmackUITests;
				PRODUCT_NAME = "$(TARGET_NAME)";
				SWIFT_VERSION = 5.0;
				TARGETED_DEVICE_FAMILY = "1,2";
				TEST_TARGET_NAME = Smack;
			};
			name = Release;
		};
/* End XCBuildConfiguration section */

/* Begin XCConfigurationList section */
		841CF1B2252B359D0036E172 /* Build configuration list for PBXProject "Smack" */ = {
			isa = XCConfigurationList;
			buildConfigurations = (
				841CF1DF252B35A30036E172 /* Debug */,
				841CF1E0252B35A30036E172 /* Release */,
			);
			defaultConfigurationIsVisible = 0;
			defaultConfigurationName = Release;
		};
		841CF1E1252B35A30036E172 /* Build configuration list for PBXNativeTarget "Smack" */ = {
			isa = XCConfigurationList;
			buildConfigurations = (
				841CF1E2252B35A30036E172 /* Debug */,
				841CF1E3252B35A30036E172 /* Release */,
			);
			defaultConfigurationIsVisible = 0;
			defaultConfigurationName = Release;
		};
		841CF1E4252B35A30036E172 /* Build configuration list for PBXNativeTarget "SmackTests" */ = {
			isa = XCConfigurationList;
			buildConfigurations = (
				841CF1E5252B35A30036E172 /* Debug */,
				841CF1E6252B35A30036E172 /* Release */,
			);
			defaultConfigurationIsVisible = 0;
			defaultConfigurationName = Release;
		};
		841CF1E7252B35A30036E172 /* Build configuration list for PBXNativeTarget "SmackUITests" */ = {
			isa = XCConfigurationList;
			buildConfigurations = (
				841CF1E8252B35A30036E172 /* Debug */,
				841CF1E9252B35A30036E172 /* Release */,
			);
			defaultConfigurationIsVisible = 0;
			defaultConfigurationName = Release;
		};
/* End XCConfigurationList section */
	};
	rootObject = 841CF1AF252B359D0036E172 /* Project object */;
}
